
Microsoft Visual Studio Solution File, Format Version 12.00
# Visual Studio Version 17
VisualStudioVersion = 17.2.32602.215
MinimumVisualStudioVersion = 10.0.40219.1
Project("{FAE04EC0-301F-11D3-BF4B-00C04F79EFBC}") = "Challenge", "Challenge\Challenge.csproj", "{B0474B5C-6F32-402A-9CA3-F7E137C6D8CA}"
EndProject
Project("{FAE04EC0-301F-11D3-BF4B-00C04F79EFBC}") = "BotStockQuote", "BotStockQuote\BotStockQuote.csproj", "{AA5819EE-D3B3-49F2-B410-4132D5EA8E10}"
EndProject
Global
	GlobalSection(SolutionConfigurationPlatforms) = preSolution
		Debug|Any CPU = Debug|Any CPU
		Release|Any CPU = Release|Any CPU
	EndGlobalSection
	GlobalSection(ProjectConfigurationPlatforms) = postSolution
		{B0474B5C-6F32-402A-9CA3-F7E137C6D8CA}.Debug|Any CPU.ActiveCfg = Debug|Any CPU
		{B0474B5C-6F32-402A-9CA3-F7E137C6D8CA}.Debug|Any CPU.Build.0 = Debug|Any CPU
		{B0474B5C-6F32-402A-9CA3-F7E137C6D8CA}.Release|Any CPU.ActiveCfg = Release|Any CPU
		{B0474B5C-6F32-402A-9CA3-F7E137C6D8CA}.Release|Any CPU.Build.0 = Release|Any CPU
		{AA5819EE-D3B3-49F2-B410-4132D5EA8E10}.Debug|Any CPU.ActiveCfg = Debug|Any CPU
		{AA5819EE-D3B3-49F2-B410-4132D5EA8E10}.Debug|Any CPU.Build.0 = Debug|Any CPU
		{AA5819EE-D3B3-49F2-B410-4132D5EA8E10}.Release|Any CPU.ActiveCfg = Release|Any CPU
		{AA5819EE-D3B3-49F2-B410-4132D5EA8E10}.Release|Any CPU.Build.0 = Release|Any CPU
	EndGlobalSection
	GlobalSection(SolutionProperties) = preSolution
		HideSolutionNode = FALSE
	EndGlobalSection
	GlobalSection(ExtensibilityGlobals) = postSolution
		SolutionGuid = {BD4E96BF-AA83-47C3-841C-5A365F68914B}
	EndGlobalSection
EndGlobal
